
Microsoft Visual Studio Solution File, Format Version 12.00
# Visual Studio 14
VisualStudioVersion = 14.0.25420.1
MinimumVisualStudioVersion = 10.0.40219.1
Project("{FAE04EC0-301F-11D3-BF4B-00C04F79EFBC}") = "FirstProject.Core", "FirstProject\FirstProject.Core.csproj", "{F13B4FD2-9F99-4E41-9C50-230ADFD206B1}"
EndProject
Project("{FAE04EC0-301F-11D3-BF4B-00C04F79EFBC}") = "FirstProject.Phone", "FirstProject.Phone\FirstProject.Phone.csproj", "{C5EE2435-5C13-4376-B12D-B477DDF7753C}"
EndProject
Project("{FAE04EC0-301F-11D3-BF4B-00C04F79EFBC}") = "FirstProject.Android", "FirstProject.Android\FirstProject.Android.csproj", "{04E07D1A-D8A4-4727-AC36-98C46AC4F459}"
EndProject
Project("{FAE04EC0-301F-11D3-BF4B-00C04F79EFBC}") = "FirstProject.Ios", "FirstProject.Ios\FirstProject.Ios.csproj", "{4D2B20FE-48A4-4F11-9E0A-EBE19E65BC10}"
EndProject
Global
	GlobalSection(SolutionConfigurationPlatforms) = preSolution
		Ad-Hoc|Any CPU = Ad-Hoc|Any CPU
		Ad-Hoc|ARM = Ad-Hoc|ARM
		Ad-Hoc|iPhone = Ad-Hoc|iPhone
		Ad-Hoc|iPhoneSimulator = Ad-Hoc|iPhoneSimulator
		Ad-Hoc|x86 = Ad-Hoc|x86
		AppStore|Any CPU = AppStore|Any CPU
		AppStore|ARM = AppStore|ARM
		AppStore|iPhone = AppStore|iPhone
		AppStore|iPhoneSimulator = AppStore|iPhoneSimulator
		AppStore|x86 = AppStore|x86
		Debug|Any CPU = Debug|Any CPU
		Debug|ARM = Debug|ARM
		Debug|iPhone = Debug|iPhone
		Debug|iPhoneSimulator = Debug|iPhoneSimulator
		Debug|x86 = Debug|x86
		Release|Any CPU = Release|Any CPU
		Release|ARM = Release|ARM
		Release|iPhone = Release|iPhone
		Release|iPhoneSimulator = Release|iPhoneSimulator
		Release|x86 = Release|x86
	EndGlobalSection
	GlobalSection(ProjectConfigurationPlatforms) = postSolution
		{F13B4FD2-9F99-4E41-9C50-230ADFD206B1}.Ad-Hoc|Any CPU.ActiveCfg = Release|Any CPU
		{F13B4FD2-9F99-4E41-9C50-230ADFD206B1}.Ad-Hoc|Any CPU.Build.0 = Release|Any CPU
		{F13B4FD2-9F99-4E41-9C50-230ADFD206B1}.Ad-Hoc|ARM.ActiveCfg = Release|Any CPU
		{F13B4FD2-9F99-4E41-9C50-230ADFD206B1}.Ad-Hoc|ARM.Build.0 = Release|Any CPU
		{F13B4FD2-9F99-4E41-9C50-230ADFD206B1}.Ad-Hoc|iPhone.ActiveCfg = Release|Any CPU
		{F13B4FD2-9F99-4E41-9C50-230ADFD206B1}.Ad-Hoc|iPhone.Build.0 = Release|Any CPU
		{F13B4FD2-9F99-4E41-9C50-230ADFD206B1}.Ad-Hoc|iPhoneSimulator.ActiveCfg = Release|Any CPU
		{F13B4FD2-9F99-4E41-9C50-230ADFD206B1}.Ad-Hoc|iPhoneSimulator.Build.0 = Release|Any CPU
		{F13B4FD2-9F99-4E41-9C50-230ADFD206B1}.Ad-Hoc|x86.ActiveCfg = Release|Any CPU
		{F13B4FD2-9F99-4E41-9C50-230ADFD206B1}.Ad-Hoc|x86.Build.0 = Release|Any CPU
		{F13B4FD2-9F99-4E41-9C50-230ADFD206B1}.AppStore|Any CPU.ActiveCfg = Release|Any CPU
		{F13B4FD2-9F99-4E41-9C50-230ADFD206B1}.AppStore|Any CPU.Build.0 = Release|Any CPU
		{F13B4FD2-9F99-4E41-9C50-230ADFD206B1}.AppStore|ARM.ActiveCfg = Release|Any CPU
		{F13B4FD2-9F99-4E41-9C50-230ADFD206B1}.AppStore|ARM.Build.0 = Release|Any CPU
		{F13B4FD2-9F99-4E41-9C50-230ADFD206B1}.AppStore|iPhone.ActiveCfg = Release|Any CPU
		{F13B4FD2-9F99-4E41-9C50-230ADFD206B1}.AppStore|iPhone.Build.0 = Release|Any CPU
		{F13B4FD2-9F99-4E41-9C50-230ADFD206B1}.AppStore|iPhoneSimulator.ActiveCfg = Release|Any CPU
		{F13B4FD2-9F99-4E41-9C50-230ADFD206B1}.AppStore|iPhoneSimulator.Build.0 = Release|Any CPU
		{F13B4FD2-9F99-4E41-9C50-230ADFD206B1}.AppStore|x86.ActiveCfg = Release|Any CPU
		{F13B4FD2-9F99-4E41-9C50-230ADFD206B1}.AppStore|x86.Build.0 = Release|Any CPU
		{F13B4FD2-9F99-4E41-9C50-230ADFD206B1}.Debug|Any CPU.ActiveCfg = Debug|Any CPU
		{F13B4FD2-9F99-4E41-9C50-230ADFD206B1}.Debug|Any CPU.Build.0 = Debug|Any CPU
		{F13B4FD2-9F99-4E41-9C50-230ADFD206B1}.Debug|ARM.ActiveCfg = Debug|Any CPU
		{F13B4FD2-9F99-4E41-9C50-230ADFD206B1}.Debug|ARM.Build.0 = Debug|Any CPU
		{F13B4FD2-9F99-4E41-9C50-230ADFD206B1}.Debug|iPhone.ActiveCfg = Debug|Any CPU
		{F13B4FD2-9F99-4E41-9C50-230ADFD206B1}.Debug|iPhone.Build.0 = Debug|Any CPU
		{F13B4FD2-9F99-4E41-9C50-230ADFD206B1}.Debug|iPhoneSimulator.ActiveCfg = Debug|Any CPU
		{F13B4FD2-9F99-4E41-9C50-230ADFD206B1}.Debug|iPhoneSimulator.Build.0 = Debug|Any CPU
		{F13B4FD2-9F99-4E41-9C50-230ADFD206B1}.Debug|x86.ActiveCfg = Debug|Any CPU
		{F13B4FD2-9F99-4E41-9C50-230ADFD206B1}.Debug|x86.Build.0 = Debug|Any CPU
		{F13B4FD2-9F99-4E41-9C50-230ADFD206B1}.Release|Any CPU.ActiveCfg = Release|Any CPU
		{F13B4FD2-9F99-4E41-9C50-230ADFD206B1}.Release|Any CPU.Build.0 = Release|Any CPU
		{F13B4FD2-9F99-4E41-9C50-230ADFD206B1}.Release|ARM.ActiveCfg = Release|Any CPU
		{F13B4FD2-9F99-4E41-9C50-230ADFD206B1}.Release|ARM.Build.0 = Release|Any CPU
		{F13B4FD2-9F99-4E41-9C50-230ADFD206B1}.Release|iPhone.ActiveCfg = Release|Any CPU
		{F13B4FD2-9F99-4E41-9C50-230ADFD206B1}.Release|iPhone.Build.0 = Release|Any CPU
		{F13B4FD2-9F99-4E41-9C50-230ADFD206B1}.Release|iPhoneSimulator.ActiveCfg = Release|Any CPU
		{F13B4FD2-9F99-4E41-9C50-230ADFD206B1}.Release|iPhoneSimulator.Build.0 = Release|Any CPU
		{F13B4FD2-9F99-4E41-9C50-230ADFD206B1}.Release|x86.ActiveCfg = Release|Any CPU
		{F13B4FD2-9F99-4E41-9C50-230ADFD206B1}.Release|x86.Build.0 = Release|Any CPU
		{C5EE2435-5C13-4376-B12D-B477DDF7753C}.Ad-Hoc|Any CPU.ActiveCfg = Release|Any CPU
		{C5EE2435-5C13-4376-B12D-B477DDF7753C}.Ad-Hoc|Any CPU.Build.0 = Release|Any CPU
		{C5EE2435-5C13-4376-B12D-B477DDF7753C}.Ad-Hoc|Any CPU.Deploy.0 = Release|Any CPU
		{C5EE2435-5C13-4376-B12D-B477DDF7753C}.Ad-Hoc|ARM.ActiveCfg = Release|ARM
		{C5EE2435-5C13-4376-B12D-B477DDF7753C}.Ad-Hoc|ARM.Build.0 = Release|ARM
		{C5EE2435-5C13-4376-B12D-B477DDF7753C}.Ad-Hoc|ARM.Deploy.0 = Release|ARM
		{C5EE2435-5C13-4376-B12D-B477DDF7753C}.Ad-Hoc|iPhone.ActiveCfg = Release|Any CPU
		{C5EE2435-5C13-4376-B12D-B477DDF7753C}.Ad-Hoc|iPhone.Build.0 = Release|Any CPU
		{C5EE2435-5C13-4376-B12D-B477DDF7753C}.Ad-Hoc|iPhone.Deploy.0 = Release|Any CPU
		{C5EE2435-5C13-4376-B12D-B477DDF7753C}.Ad-Hoc|iPhoneSimulator.ActiveCfg = Release|Any CPU
		{C5EE2435-5C13-4376-B12D-B477DDF7753C}.Ad-Hoc|iPhoneSimulator.Build.0 = Release|Any CPU
		{C5EE2435-5C13-4376-B12D-B477DDF7753C}.Ad-Hoc|iPhoneSimulator.Deploy.0 = Release|Any CPU
		{C5EE2435-5C13-4376-B12D-B477DDF7753C}.Ad-Hoc|x86.ActiveCfg = Release|x86
		{C5EE2435-5C13-4376-B12D-B477DDF7753C}.Ad-Hoc|x86.Build.0 = Release|x86
		{C5EE2435-5C13-4376-B12D-B477DDF7753C}.Ad-Hoc|x86.Deploy.0 = Release|x86
		{C5EE2435-5C13-4376-B12D-B477DDF7753C}.AppStore|Any CPU.ActiveCfg = Release|Any CPU
		{C5EE2435-5C13-4376-B12D-B477DDF7753C}.AppStore|Any CPU.Build.0 = Release|Any CPU
		{C5EE2435-5C13-4376-B12D-B477DDF7753C}.AppStore|Any CPU.Deploy.0 = Release|Any CPU
		{C5EE2435-5C13-4376-B12D-B477DDF7753C}.AppStore|ARM.ActiveCfg = Release|ARM
		{C5EE2435-5C13-4376-B12D-B477DDF7753C}.AppStore|ARM.Build.0 = Release|ARM
		{C5EE2435-5C13-4376-B12D-B477DDF7753C}.AppStore|ARM.Deploy.0 = Release|ARM
		{C5EE2435-5C13-4376-B12D-B477DDF7753C}.AppStore|iPhone.ActiveCfg = Release|Any CPU
		{C5EE2435-5C13-4376-B12D-B477DDF7753C}.AppStore|iPhone.Build.0 = Release|Any CPU
		{C5EE2435-5C13-4376-B12D-B477DDF7753C}.AppStore|iPhone.Deploy.0 = Release|Any CPU
		{C5EE2435-5C13-4376-B12D-B477DDF7753C}.AppStore|iPhoneSimulator.ActiveCfg = Release|Any CPU
		{C5EE2435-5C13-4376-B12D-B477DDF7753C}.AppStore|iPhoneSimulator.Build.0 = Release|Any CPU
		{C5EE2435-5C13-4376-B12D-B477DDF7753C}.AppStore|iPhoneSimulator.Deploy.0 = Release|Any CPU
		{C5EE2435-5C13-4376-B12D-B477DDF7753C}.AppStore|x86.ActiveCfg = Release|x86
		{C5EE2435-5C13-4376-B12D-B477DDF7753C}.AppStore|x86.Build.0 = Release|x86
		{C5EE2435-5C13-4376-B12D-B477DDF7753C}.AppStore|x86.Deploy.0 = Release|x86
		{C5EE2435-5C13-4376-B12D-B477DDF7753C}.Debug|Any CPU.ActiveCfg = Debug|Any CPU
		{C5EE2435-5C13-4376-B12D-B477DDF7753C}.Debug|Any CPU.Build.0 = Debug|Any CPU
		{C5EE2435-5C13-4376-B12D-B477DDF7753C}.Debug|Any CPU.Deploy.0 = Debug|Any CPU
		{C5EE2435-5C13-4376-B12D-B477DDF7753C}.Debug|ARM.ActiveCfg = Debug|ARM
		{C5EE2435-5C13-4376-B12D-B477DDF7753C}.Debug|ARM.Build.0 = Debug|ARM
		{C5EE2435-5C13-4376-B12D-B477DDF7753C}.Debug|ARM.Deploy.0 = Debug|ARM
		{C5EE2435-5C13-4376-B12D-B477DDF7753C}.Debug|iPhone.ActiveCfg = Debug|Any CPU
		{C5EE2435-5C13-4376-B12D-B477DDF7753C}.Debug|iPhone.Build.0 = Debug|Any CPU
		{C5EE2435-5C13-4376-B12D-B477DDF7753C}.Debug|iPhone.Deploy.0 = Debug|Any CPU
		{C5EE2435-5C13-4376-B12D-B477DDF7753C}.Debug|iPhoneSimulator.ActiveCfg = Debug|Any CPU
		{C5EE2435-5C13-4376-B12D-B477DDF7753C}.Debug|iPhoneSimulator.Build.0 = Debug|Any CPU
		{C5EE2435-5C13-4376-B12D-B477DDF7753C}.Debug|iPhoneSimulator.Deploy.0 = Debug|Any CPU
		{C5EE2435-5C13-4376-B12D-B477DDF7753C}.Debug|x86.ActiveCfg = Debug|x86
		{C5EE2435-5C13-4376-B12D-B477DDF7753C}.Debug|x86.Build.0 = Debug|x86
		{C5EE2435-5C13-4376-B12D-B477DDF7753C}.Debug|x86.Deploy.0 = Debug|x86
		{C5EE2435-5C13-4376-B12D-B477DDF7753C}.Release|Any CPU.ActiveCfg = Release|Any CPU
		{C5EE2435-5C13-4376-B12D-B477DDF7753C}.Release|Any CPU.Build.0 = Release|Any CPU
		{C5EE2435-5C13-4376-B12D-B477DDF7753C}.Release|Any CPU.Deploy.0 = Release|Any CPU
		{C5EE2435-5C13-4376-B12D-B477DDF7753C}.Release|ARM.ActiveCfg = Release|ARM
		{C5EE2435-5C13-4376-B12D-B477DDF7753C}.Release|ARM.Build.0 = Release|ARM
		{C5EE2435-5C13-4376-B12D-B477DDF7753C}.Release|ARM.Deploy.0 = Release|ARM
		{C5EE2435-5C13-4376-B12D-B477DDF7753C}.Release|iPhone.ActiveCfg = Release|Any CPU
		{C5EE2435-5C13-4376-B12D-B477DDF7753C}.Release|iPhone.Build.0 = Release|Any CPU
		{C5EE2435-5C13-4376-B12D-B477DDF7753C}.Release|iPhone.Deploy.0 = Release|Any CPU
		{C5EE2435-5C13-4376-B12D-B477DDF7753C}.Release|iPhoneSimulator.ActiveCfg = Release|Any CPU
		{C5EE2435-5C13-4376-B12D-B477DDF7753C}.Release|iPhoneSimulator.Build.0 = Release|Any CPU
		{C5EE2435-5C13-4376-B12D-B477DDF7753C}.Release|iPhoneSimulator.Deploy.0 = Release|Any CPU
		{C5EE2435-5C13-4376-B12D-B477DDF7753C}.Release|x86.ActiveCfg = Release|x86
		{C5EE2435-5C13-4376-B12D-B477DDF7753C}.Release|x86.Build.0 = Release|x86
		{C5EE2435-5C13-4376-B12D-B477DDF7753C}.Release|x86.Deploy.0 = Release|x86
		{04E07D1A-D8A4-4727-AC36-98C46AC4F459}.Ad-Hoc|Any CPU.ActiveCfg = Release|Any CPU
		{04E07D1A-D8A4-4727-AC36-98C46AC4F459}.Ad-Hoc|Any CPU.Build.0 = Release|Any CPU
		{04E07D1A-D8A4-4727-AC36-98C46AC4F459}.Ad-Hoc|Any CPU.Deploy.0 = Release|Any CPU
		{04E07D1A-D8A4-4727-AC36-98C46AC4F459}.Ad-Hoc|ARM.ActiveCfg = Release|Any CPU
		{04E07D1A-D8A4-4727-AC36-98C46AC4F459}.Ad-Hoc|ARM.Build.0 = Release|Any CPU
		{04E07D1A-D8A4-4727-AC36-98C46AC4F459}.Ad-Hoc|ARM.Deploy.0 = Release|Any CPU
		{04E07D1A-D8A4-4727-AC36-98C46AC4F459}.Ad-Hoc|iPhone.ActiveCfg = Release|Any CPU
		{04E07D1A-D8A4-4727-AC36-98C46AC4F459}.Ad-Hoc|iPhone.Build.0 = Release|Any CPU
		{04E07D1A-D8A4-4727-AC36-98C46AC4F459}.Ad-Hoc|iPhone.Deploy.0 = Release|Any CPU
		{04E07D1A-D8A4-4727-AC36-98C46AC4F459}.Ad-Hoc|iPhoneSimulator.ActiveCfg = Release|Any CPU
		{04E07D1A-D8A4-4727-AC36-98C46AC4F459}.Ad-Hoc|iPhoneSimulator.Build.0 = Release|Any CPU
		{04E07D1A-D8A4-4727-AC36-98C46AC4F459}.Ad-Hoc|iPhoneSimulator.Deploy.0 = Release|Any CPU
		{04E07D1A-D8A4-4727-AC36-98C46AC4F459}.Ad-Hoc|x86.ActiveCfg = Release|Any CPU
		{04E07D1A-D8A4-4727-AC36-98C46AC4F459}.Ad-Hoc|x86.Build.0 = Release|Any CPU
		{04E07D1A-D8A4-4727-AC36-98C46AC4F459}.Ad-Hoc|x86.Deploy.0 = Release|Any CPU
		{04E07D1A-D8A4-4727-AC36-98C46AC4F459}.AppStore|Any CPU.ActiveCfg = Release|Any CPU
		{04E07D1A-D8A4-4727-AC36-98C46AC4F459}.AppStore|Any CPU.Build.0 = Release|Any CPU
		{04E07D1A-D8A4-4727-AC36-98C46AC4F459}.AppStore|Any CPU.Deploy.0 = Release|Any CPU
		{04E07D1A-D8A4-4727-AC36-98C46AC4F459}.AppStore|ARM.ActiveCfg = Release|Any CPU
		{04E07D1A-D8A4-4727-AC36-98C46AC4F459}.AppStore|ARM.Build.0 = Release|Any CPU
		{04E07D1A-D8A4-4727-AC36-98C46AC4F459}.AppStore|ARM.Deploy.0 = Release|Any CPU
		{04E07D1A-D8A4-4727-AC36-98C46AC4F459}.AppStore|iPhone.ActiveCfg = Release|Any CPU
		{04E07D1A-D8A4-4727-AC36-98C46AC4F459}.AppStore|iPhone.Build.0 = Release|Any CPU
		{04E07D1A-D8A4-4727-AC36-98C46AC4F459}.AppStore|iPhone.Deploy.0 = Release|Any CPU
		{04E07D1A-D8A4-4727-AC36-98C46AC4F459}.AppStore|iPhoneSimulator.ActiveCfg = Release|Any CPU
		{04E07D1A-D8A4-4727-AC36-98C46AC4F459}.AppStore|iPhoneSimulator.Build.0 = Release|Any CPU
		{04E07D1A-D8A4-4727-AC36-98C46AC4F459}.AppStore|iPhoneSimulator.Deploy.0 = Release|Any CPU
		{04E07D1A-D8A4-4727-AC36-98C46AC4F459}.AppStore|x86.ActiveCfg = Release|Any CPU
		{04E07D1A-D8A4-4727-AC36-98C46AC4F459}.AppStore|x86.Build.0 = Release|Any CPU
		{04E07D1A-D8A4-4727-AC36-98C46AC4F459}.AppStore|x86.Deploy.0 = Release|Any CPU
		{04E07D1A-D8A4-4727-AC36-98C46AC4F459}.Debug|Any CPU.ActiveCfg = Debug|Any CPU
		{04E07D1A-D8A4-4727-AC36-98C46AC4F459}.Debug|Any CPU.Build.0 = Debug|Any CPU
		{04E07D1A-D8A4-4727-AC36-98C46AC4F459}.Debug|Any CPU.Deploy.0 = Debug|Any CPU
		{04E07D1A-D8A4-4727-AC36-98C46AC4F459}.Debug|ARM.ActiveCfg = Debug|Any CPU
		{04E07D1A-D8A4-4727-AC36-98C46AC4F459}.Debug|ARM.Build.0 = Debug|Any CPU
		{04E07D1A-D8A4-4727-AC36-98C46AC4F459}.Debug|ARM.Deploy.0 = Debug|Any CPU
		{04E07D1A-D8A4-4727-AC36-98C46AC4F459}.Debug|iPhone.ActiveCfg = Debug|Any CPU
		{04E07D1A-D8A4-4727-AC36-98C46AC4F459}.Debug|iPhone.Build.0 = Debug|Any CPU
		{04E07D1A-D8A4-4727-AC36-98C46AC4F459}.Debug|iPhone.Deploy.0 = Debug|Any CPU
		{04E07D1A-D8A4-4727-AC36-98C46AC4F459}.Debug|iPhoneSimulator.ActiveCfg = Debug|Any CPU
		{04E07D1A-D8A4-4727-AC36-98C46AC4F459}.Debug|iPhoneSimulator.Build.0 = Debug|Any CPU
		{04E07D1A-D8A4-4727-AC36-98C46AC4F459}.Debug|iPhoneSimulator.Deploy.0 = Debug|Any CPU
		{04E07D1A-D8A4-4727-AC36-98C46AC4F459}.Debug|x86.ActiveCfg = Debug|Any CPU
		{04E07D1A-D8A4-4727-AC36-98C46AC4F459}.Debug|x86.Build.0 = Debug|Any CPU
		{04E07D1A-D8A4-4727-AC36-98C46AC4F459}.Debug|x86.Deploy.0 = Debug|Any CPU
		{04E07D1A-D8A4-4727-AC36-98C46AC4F459}.Release|Any CPU.ActiveCfg = Release|Any CPU
		{04E07D1A-D8A4-4727-AC36-98C46AC4F459}.Release|Any CPU.Build.0 = Release|Any CPU
		{04E07D1A-D8A4-4727-AC36-98C46AC4F459}.Release|Any CPU.Deploy.0 = Release|Any CPU
		{04E07D1A-D8A4-4727-AC36-98C46AC4F459}.Release|ARM.ActiveCfg = Release|Any CPU
		{04E07D1A-D8A4-4727-AC36-98C46AC4F459}.Release|ARM.Build.0 = Release|Any CPU
		{04E07D1A-D8A4-4727-AC36-98C46AC4F459}.Release|ARM.Deploy.0 = Release|Any CPU
		{04E07D1A-D8A4-4727-AC36-98C46AC4F459}.Release|iPhone.ActiveCfg = Release|Any CPU
		{04E07D1A-D8A4-4727-AC36-98C46AC4F459}.Release|iPhone.Build.0 = Release|Any CPU
		{04E07D1A-D8A4-4727-AC36-98C46AC4F459}.Release|iPhone.Deploy.0 = Release|Any CPU
		{04E07D1A-D8A4-4727-AC36-98C46AC4F459}.Release|iPhoneSimulator.ActiveCfg = Release|Any CPU
		{04E07D1A-D8A4-4727-AC36-98C46AC4F459}.Release|iPhoneSimulator.Build.0 = Release|Any CPU
		{04E07D1A-D8A4-4727-AC36-98C46AC4F459}.Release|iPhoneSimulator.Deploy.0 = Release|Any CPU
		{04E07D1A-D8A4-4727-AC36-98C46AC4F459}.Release|x86.ActiveCfg = Release|Any CPU
		{04E07D1A-D8A4-4727-AC36-98C46AC4F459}.Release|x86.Build.0 = Release|Any CPU
		{04E07D1A-D8A4-4727-AC36-98C46AC4F459}.Release|x86.Deploy.0 = Release|Any CPU
		{4D2B20FE-48A4-4F11-9E0A-EBE19E65BC10}.Ad-Hoc|Any CPU.ActiveCfg = Ad-Hoc|iPhone
		{4D2B20FE-48A4-4F11-9E0A-EBE19E65BC10}.Ad-Hoc|ARM.ActiveCfg = Ad-Hoc|iPhone
		{4D2B20FE-48A4-4F11-9E0A-EBE19E65BC10}.Ad-Hoc|iPhone.ActiveCfg = Ad-Hoc|iPhone
		{4D2B20FE-48A4-4F11-9E0A-EBE19E65BC10}.Ad-Hoc|iPhone.Build.0 = Ad-Hoc|iPhone
		{4D2B20FE-48A4-4F11-9E0A-EBE19E65BC10}.Ad-Hoc|iPhoneSimulator.ActiveCfg = Ad-Hoc|iPhoneSimulator
		{4D2B20FE-48A4-4F11-9E0A-EBE19E65BC10}.Ad-Hoc|iPhoneSimulator.Build.0 = Ad-Hoc|iPhoneSimulator
		{4D2B20FE-48A4-4F11-9E0A-EBE19E65BC10}.Ad-Hoc|x86.ActiveCfg = Ad-Hoc|iPhone
		{4D2B20FE-48A4-4F11-9E0A-EBE19E65BC10}.AppStore|Any CPU.ActiveCfg = AppStore|iPhone
		{4D2B20FE-48A4-4F11-9E0A-EBE19E65BC10}.AppStore|ARM.ActiveCfg = AppStore|iPhone
		{4D2B20FE-48A4-4F11-9E0A-EBE19E65BC10}.AppStore|iPhone.ActiveCfg = AppStore|iPhone
		{4D2B20FE-48A4-4F11-9E0A-EBE19E65BC10}.AppStore|iPhone.Build.0 = AppStore|iPhone
		{4D2B20FE-48A4-4F11-9E0A-EBE19E65BC10}.AppStore|iPhoneSimulator.ActiveCfg = AppStore|iPhoneSimulator
		{4D2B20FE-48A4-4F11-9E0A-EBE19E65BC10}.AppStore|iPhoneSimulator.Build.0 = AppStore|iPhoneSimulator
		{4D2B20FE-48A4-4F11-9E0A-EBE19E65BC10}.AppStore|x86.ActiveCfg = AppStore|iPhone
		{4D2B20FE-48A4-4F11-9E0A-EBE19E65BC10}.Debug|Any CPU.ActiveCfg = Debug|iPhone
		{4D2B20FE-48A4-4F11-9E0A-EBE19E65BC10}.Debug|ARM.ActiveCfg = Debug|iPhone
		{4D2B20FE-48A4-4F11-9E0A-EBE19E65BC10}.Debug|iPhone.ActiveCfg = Debug|iPhone
		{4D2B20FE-48A4-4F11-9E0A-EBE19E65BC10}.Debug|iPhone.Build.0 = Debug|iPhone
		{4D2B20FE-48A4-4F11-9E0A-EBE19E65BC10}.Debug|iPhoneSimulator.ActiveCfg = Debug|iPhoneSimulator
		{4D2B20FE-48A4-4F11-9E0A-EBE19E65BC10}.Debug|iPhoneSimulator.Build.0 = Debug|iPhoneSimulator
		{4D2B20FE-48A4-4F11-9E0A-EBE19E65BC10}.Debug|x86.ActiveCfg = Debug|iPhone
		{4D2B20FE-48A4-4F11-9E0A-EBE19E65BC10}.Release|Any CPU.ActiveCfg = Release|iPhone
		{4D2B20FE-48A4-4F11-9E0A-EBE19E65BC10}.Release|ARM.ActiveCfg = Release|iPhone
		{4D2B20FE-48A4-4F11-9E0A-EBE19E65BC10}.Release|iPhone.ActiveCfg = Release|iPhone
		{4D2B20FE-48A4-4F11-9E0A-EBE19E65BC10}.Release|iPhone.Build.0 = Release|iPhone
		{4D2B20FE-48A4-4F11-9E0A-EBE19E65BC10}.Release|iPhoneSimulator.ActiveCfg = Release|iPhoneSimulator
		{4D2B20FE-48A4-4F11-9E0A-EBE19E65BC10}.Release|iPhoneSimulator.Build.0 = Release|iPhoneSimulator
		{4D2B20FE-48A4-4F11-9E0A-EBE19E65BC10}.Release|x86.ActiveCfg = Release|iPhone
	EndGlobalSection
	GlobalSection(SolutionProperties) = preSolution
		HideSolutionNode = FALSE
	EndGlobalSection
EndGlobal
